
Microsoft Visual Studio Solution File, Format Version 12.00
# Visual Studio 15
VisualStudioVersion = 15.0.26730.16
MinimumVisualStudioVersion = 10.0.40219.1
Project("{FAE04EC0-301F-11D3-BF4B-00C04F79EFBC}") = "02. Extract Sentences by Keyword", "(RegEx) - Exercises\02. Extract Sentences by Keyword.csproj", "{D2759387-0A13-4DDA-9C00-C8C359795327}"
EndProject
Project("{FAE04EC0-301F-11D3-BF4B-00C04F79EFBC}") = "01.emails", "01.emails\01.emails.csproj", "{087D8681-8E33-4623-978A-FBF108CF0949}"
EndProject
Project("{FAE04EC0-301F-11D3-BF4B-00C04F79EFBC}") = "03.Camera View", "03.Camera View\03.Camera View.csproj", "{0262809F-3A06-4C47-BC60-D5EBFE4DE978}"
EndProject
Project("{FAE04EC0-301F-11D3-BF4B-00C04F79EFBC}") = "04.Weather", "04.Weather\04.Weather.csproj", "{A0341E83-DA8D-46BB-BFBB-DC66148D0D54}"
EndProject
Project("{FAE04EC0-301F-11D3-BF4B-00C04F79EFBC}") = "05.Key Replacer", "05.Key Replacer\05.Key Replacer.csproj", "{E7844FF9-CB72-4169-9BD5-06185AE12EB2}"
EndProject
Project("{FAE04EC0-301F-11D3-BF4B-00C04F79EFBC}") = "06.Valid Usernames", "06.Valid Usernames\06.Valid Usernames.csproj", "{7A0434AD-88A6-4FB2-9EE9-6B841889CFD8}"
EndProject
Project("{FAE04EC0-301F-11D3-BF4B-00C04F79EFBC}") = "test", "test\test.csproj", "{D86C7632-C62A-40EB-9CE4-6EB98453B668}"
EndProject
Global
	GlobalSection(SolutionConfigurationPlatforms) = preSolution
		Debug|Any CPU = Debug|Any CPU
		Release|Any CPU = Release|Any CPU
	EndGlobalSection
	GlobalSection(ProjectConfigurationPlatforms) = postSolution
		{D2759387-0A13-4DDA-9C00-C8C359795327}.Debug|Any CPU.ActiveCfg = Debug|Any CPU
		{D2759387-0A13-4DDA-9C00-C8C359795327}.Debug|Any CPU.Build.0 = Debug|Any CPU
		{D2759387-0A13-4DDA-9C00-C8C359795327}.Release|Any CPU.ActiveCfg = Release|Any CPU
		{D2759387-0A13-4DDA-9C00-C8C359795327}.Release|Any CPU.Build.0 = Release|Any CPU
		{087D8681-8E33-4623-978A-FBF108CF0949}.Debug|Any CPU.ActiveCfg = Debug|Any CPU
		{087D8681-8E33-4623-978A-FBF108CF0949}.Debug|Any CPU.Build.0 = Debug|Any CPU
		{087D8681-8E33-4623-978A-FBF108CF0949}.Release|Any CPU.ActiveCfg = Release|Any CPU
		{087D8681-8E33-4623-978A-FBF108CF0949}.Release|Any CPU.Build.0 = Release|Any CPU
		{0262809F-3A06-4C47-BC60-D5EBFE4DE978}.Debug|Any CPU.ActiveCfg = Debug|Any CPU
		{0262809F-3A06-4C47-BC60-D5EBFE4DE978}.Debug|Any CPU.Build.0 = Debug|Any CPU
		{0262809F-3A06-4C47-BC60-D5EBFE4DE978}.Release|Any CPU.ActiveCfg = Release|Any CPU
		{0262809F-3A06-4C47-BC60-D5EBFE4DE978}.Release|Any CPU.Build.0 = Release|Any CPU
		{A0341E83-DA8D-46BB-BFBB-DC66148D0D54}.Debug|Any CPU.ActiveCfg = Debug|Any CPU
		{A0341E83-DA8D-46BB-BFBB-DC66148D0D54}.Debug|Any CPU.Build.0 = Debug|Any CPU
		{A0341E83-DA8D-46BB-BFBB-DC66148D0D54}.Release|Any CPU.ActiveCfg = Release|Any CPU
		{A0341E83-DA8D-46BB-BFBB-DC66148D0D54}.Release|Any CPU.Build.0 = Release|Any CPU
		{E7844FF9-CB72-4169-9BD5-06185AE12EB2}.Debug|Any CPU.ActiveCfg = Debug|Any CPU
		{E7844FF9-CB72-4169-9BD5-06185AE12EB2}.Debug|Any CPU.Build.0 = Debug|Any CPU
		{E7844FF9-CB72-4169-9BD5-06185AE12EB2}.Release|Any CPU.ActiveCfg = Release|Any CPU
		{E7844FF9-CB72-4169-9BD5-06185AE12EB2}.Release|Any CPU.Build.0 = Release|Any CPU
		{7A0434AD-88A6-4FB2-9EE9-6B841889CFD8}.Debug|Any CPU.ActiveCfg = Debug|Any CPU
		{7A0434AD-88A6-4FB2-9EE9-6B841889CFD8}.Debug|Any CPU.Build.0 = Debug|Any CPU
		{7A0434AD-88A6-4FB2-9EE9-6B841889CFD8}.Release|Any CPU.ActiveCfg = Release|Any CPU
		{7A0434AD-88A6-4FB2-9EE9-6B841889CFD8}.Release|Any CPU.Build.0 = Release|Any CPU
		{D86C7632-C62A-40EB-9CE4-6EB98453B668}.Debug|Any CPU.ActiveCfg = Debug|Any CPU
		{D86C7632-C62A-40EB-9CE4-6EB98453B668}.Debug|Any CPU.Build.0 = Debug|Any CPU
		{D86C7632-C62A-40EB-9CE4-6EB98453B668}.Release|Any CPU.ActiveCfg = Release|Any CPU
		{D86C7632-C62A-40EB-9CE4-6EB98453B668}.Release|Any CPU.Build.0 = Release|Any CPU
	EndGlobalSection
	GlobalSection(SolutionProperties) = preSolution
		HideSolutionNode = FALSE
	EndGlobalSection
	GlobalSection(ExtensibilityGlobals) = postSolution
		SolutionGuid = {C82EF17A-95BF-4CAC-85A8-F4CE333EBED7}
	EndGlobalSection
EndGlobal
