
Microsoft Visual Studio Solution File, Format Version 12.00
# Visual Studio 15
VisualStudioVersion = 15.0.26730.16
MinimumVisualStudioVersion = 10.0.40219.1
Project("{FAE04EC0-301F-11D3-BF4B-00C04F79EFBC}") = "01.PracticeIntegers", "..\test\01.PracticeIntegers.csproj", "{2121BAB5-330D-47E3-92A8-52D9BD9A58FB}"
EndProject
Project("{FAE04EC0-301F-11D3-BF4B-00C04F79EFBC}") = "02. Practice Floating Points", "..\02. Practice Floating Points\02. Practice Floating Points.csproj", "{2F29F7CE-7A2F-4FCA-8C07-5641EF812AD0}"
EndProject
Project("{FAE04EC0-301F-11D3-BF4B-00C04F79EFBC}") = "03. Practice Chars And Strings", "..\03. Practice Chars And Strings\03. Practice Chars And Strings.csproj", "{43BE19E6-8D0F-4537-9559-8B0640D5537C}"
EndProject
Project("{FAE04EC0-301F-11D3-BF4B-00C04F79EFBC}") = "04.Variable in Hex Format", "..\04.Variable in Hex Format\04.Variable in Hex Format.csproj", "{522E9A99-323F-45EB-9A63-44E50783CD86}"
EndProject
Project("{FAE04EC0-301F-11D3-BF4B-00C04F79EFBC}") = "05.Boolean Variable", "05.Boolean Variable\05.Boolean Variable.csproj", "{1E9D8339-2F96-4693-A181-CC49245F7464}"
EndProject
Project("{FAE04EC0-301F-11D3-BF4B-00C04F79EFBC}") = "07.Exchange Variable Values", "07.Exchange Variable Values\07.Exchange Variable Values.csproj", "{728BF046-3B4F-467F-B284-1967CC079149}"
EndProject
Project("{FAE04EC0-301F-11D3-BF4B-00C04F79EFBC}") = "08.Employee Data", "08.Employee Data\08.Employee Data.csproj", "{8B9482DE-49DB-48D6-AA13-F250DAB4AC7C}"
EndProject
Project("{FAE04EC0-301F-11D3-BF4B-00C04F79EFBC}") = "test", "test\test.csproj", "{4A876E08-7557-4FD0-AA96-52BF2FAE847B}"
EndProject
Project("{FAE04EC0-301F-11D3-BF4B-00C04F79EFBC}") = "09.Reversed chars", "09.Reversed chars\09.Reversed chars.csproj", "{89529139-4411-4BA2-B0A9-3EB80D92F37E}"
EndProject
Project("{FAE04EC0-301F-11D3-BF4B-00C04F79EFBC}") = "10.Centuries to Nanoseconds", "10.Centuries to Nanoseconds\10.Centuries to Nanoseconds.csproj", "{D96EC8EA-758C-4E5F-B64C-D9EB19D457A3}"
EndProject
Project("{FAE04EC0-301F-11D3-BF4B-00C04F79EFBC}") = "11.Convert Speed Units", "11.Convert Speed Units\11.Convert Speed Units.csproj", "{E0AF7D5A-B7CD-4576-89A8-78F9E351AEDA}"
EndProject
Project("{FAE04EC0-301F-11D3-BF4B-00C04F79EFBC}") = "12.Rectangle Properties", "12.Rectangle Properties\12.Rectangle Properties.csproj", "{6E4F12B0-1AB2-4CE1-B77F-93D779F7A5BF}"
EndProject
Project("{FAE04EC0-301F-11D3-BF4B-00C04F79EFBC}") = "13.Vowel or Digit", "13.Vowel or Digit\13.Vowel or Digit.csproj", "{2092FABE-30F1-4929-AA4C-C4478CCFC25C}"
EndProject
Project("{FAE04EC0-301F-11D3-BF4B-00C04F79EFBC}") = "17.Print Part Of ASCII Table", "17.Print Part Of ASCII Table\17.Print Part Of ASCII Table.csproj", "{DE5B5BB1-3641-4302-A58F-042BFA355F6F}"
EndProject
Project("{FAE04EC0-301F-11D3-BF4B-00C04F79EFBC}") = "18.Different Integers Size", "18.Different Integers Size\18.Different Integers Size.csproj", "{12086149-FE1C-46D5-AECC-1AF6E4E635B1}"
EndProject
Project("{FAE04EC0-301F-11D3-BF4B-00C04F79EFBC}") = "19.Thea The Photographer", "19.Thea The Photographer\19.Thea The Photographer.csproj", "{9BF781F2-8593-4B49-A5CF-011E0C09012C}"
EndProject
Project("{FAE04EC0-301F-11D3-BF4B-00C04F79EFBC}") = "19.task", "19.task\19.task.csproj", "{6E4F6BA7-D59F-41D1-9308-D5816AC6273C}"
EndProject
Project("{FAE04EC0-301F-11D3-BF4B-00C04F79EFBC}") = "16.Comparing floats", "16.Comparing floats\16.Comparing floats.csproj", "{AC7CE977-B6C3-4D22-9F7C-8ECE53041BD3}"
EndProject
Project("{FAE04EC0-301F-11D3-BF4B-00C04F79EFBC}") = "15.Fast Prime Checker", "15.Fast Prime Checker\15.Fast Prime Checker.csproj", "{24FCFC6E-2A57-43B4-ABD4-631B7055576D}"
EndProject
Project("{FAE04EC0-301F-11D3-BF4B-00C04F79EFBC}") = "14.Integer to Hex and Binary", "14.Integer to Hex and Binary\14.Integer to Hex and Binary.csproj", "{CE0C2DBB-54DD-46B3-A00A-CD2996B2A712}"
EndProject
Project("{FAE04EC0-301F-11D3-BF4B-00C04F79EFBC}") = "06.Strings And Objects", "06.Strings And Objects\06.Strings And Objects.csproj", "{9A6C5CE7-8E34-4D7F-ADB0-3BB4A86D09CD}"
EndProject
Global
	GlobalSection(SolutionConfigurationPlatforms) = preSolution
		Debug|Any CPU = Debug|Any CPU
		Release|Any CPU = Release|Any CPU
	EndGlobalSection
	GlobalSection(ProjectConfigurationPlatforms) = postSolution
		{2121BAB5-330D-47E3-92A8-52D9BD9A58FB}.Debug|Any CPU.ActiveCfg = Debug|Any CPU
		{2121BAB5-330D-47E3-92A8-52D9BD9A58FB}.Debug|Any CPU.Build.0 = Debug|Any CPU
		{2121BAB5-330D-47E3-92A8-52D9BD9A58FB}.Release|Any CPU.ActiveCfg = Release|Any CPU
		{2121BAB5-330D-47E3-92A8-52D9BD9A58FB}.Release|Any CPU.Build.0 = Release|Any CPU
		{2F29F7CE-7A2F-4FCA-8C07-5641EF812AD0}.Debug|Any CPU.ActiveCfg = Debug|Any CPU
		{2F29F7CE-7A2F-4FCA-8C07-5641EF812AD0}.Debug|Any CPU.Build.0 = Debug|Any CPU
		{2F29F7CE-7A2F-4FCA-8C07-5641EF812AD0}.Release|Any CPU.ActiveCfg = Release|Any CPU
		{2F29F7CE-7A2F-4FCA-8C07-5641EF812AD0}.Release|Any CPU.Build.0 = Release|Any CPU
		{43BE19E6-8D0F-4537-9559-8B0640D5537C}.Debug|Any CPU.ActiveCfg = Debug|Any CPU
		{43BE19E6-8D0F-4537-9559-8B0640D5537C}.Debug|Any CPU.Build.0 = Debug|Any CPU
		{43BE19E6-8D0F-4537-9559-8B0640D5537C}.Release|Any CPU.ActiveCfg = Release|Any CPU
		{43BE19E6-8D0F-4537-9559-8B0640D5537C}.Release|Any CPU.Build.0 = Release|Any CPU
		{522E9A99-323F-45EB-9A63-44E50783CD86}.Debug|Any CPU.ActiveCfg = Debug|Any CPU
		{522E9A99-323F-45EB-9A63-44E50783CD86}.Debug|Any CPU.Build.0 = Debug|Any CPU
		{522E9A99-323F-45EB-9A63-44E50783CD86}.Release|Any CPU.ActiveCfg = Release|Any CPU
		{522E9A99-323F-45EB-9A63-44E50783CD86}.Release|Any CPU.Build.0 = Release|Any CPU
		{1E9D8339-2F96-4693-A181-CC49245F7464}.Debug|Any CPU.ActiveCfg = Debug|Any CPU
		{1E9D8339-2F96-4693-A181-CC49245F7464}.Debug|Any CPU.Build.0 = Debug|Any CPU
		{1E9D8339-2F96-4693-A181-CC49245F7464}.Release|Any CPU.ActiveCfg = Release|Any CPU
		{1E9D8339-2F96-4693-A181-CC49245F7464}.Release|Any CPU.Build.0 = Release|Any CPU
		{728BF046-3B4F-467F-B284-1967CC079149}.Debug|Any CPU.ActiveCfg = Debug|Any CPU
		{728BF046-3B4F-467F-B284-1967CC079149}.Debug|Any CPU.Build.0 = Debug|Any CPU
		{728BF046-3B4F-467F-B284-1967CC079149}.Release|Any CPU.ActiveCfg = Release|Any CPU
		{728BF046-3B4F-467F-B284-1967CC079149}.Release|Any CPU.Build.0 = Release|Any CPU
		{8B9482DE-49DB-48D6-AA13-F250DAB4AC7C}.Debug|Any CPU.ActiveCfg = Debug|Any CPU
		{8B9482DE-49DB-48D6-AA13-F250DAB4AC7C}.Debug|Any CPU.Build.0 = Debug|Any CPU
		{8B9482DE-49DB-48D6-AA13-F250DAB4AC7C}.Release|Any CPU.ActiveCfg = Release|Any CPU
		{8B9482DE-49DB-48D6-AA13-F250DAB4AC7C}.Release|Any CPU.Build.0 = Release|Any CPU
		{4A876E08-7557-4FD0-AA96-52BF2FAE847B}.Debug|Any CPU.ActiveCfg = Debug|Any CPU
		{4A876E08-7557-4FD0-AA96-52BF2FAE847B}.Debug|Any CPU.Build.0 = Debug|Any CPU
		{4A876E08-7557-4FD0-AA96-52BF2FAE847B}.Release|Any CPU.ActiveCfg = Release|Any CPU
		{4A876E08-7557-4FD0-AA96-52BF2FAE847B}.Release|Any CPU.Build.0 = Release|Any CPU
		{89529139-4411-4BA2-B0A9-3EB80D92F37E}.Debug|Any CPU.ActiveCfg = Debug|Any CPU
		{89529139-4411-4BA2-B0A9-3EB80D92F37E}.Debug|Any CPU.Build.0 = Debug|Any CPU
		{89529139-4411-4BA2-B0A9-3EB80D92F37E}.Release|Any CPU.ActiveCfg = Release|Any CPU
		{89529139-4411-4BA2-B0A9-3EB80D92F37E}.Release|Any CPU.Build.0 = Release|Any CPU
		{D96EC8EA-758C-4E5F-B64C-D9EB19D457A3}.Debug|Any CPU.ActiveCfg = Debug|Any CPU
		{D96EC8EA-758C-4E5F-B64C-D9EB19D457A3}.Debug|Any CPU.Build.0 = Debug|Any CPU
		{D96EC8EA-758C-4E5F-B64C-D9EB19D457A3}.Release|Any CPU.ActiveCfg = Release|Any CPU
		{D96EC8EA-758C-4E5F-B64C-D9EB19D457A3}.Release|Any CPU.Build.0 = Release|Any CPU
		{E0AF7D5A-B7CD-4576-89A8-78F9E351AEDA}.Debug|Any CPU.ActiveCfg = Debug|Any CPU
		{E0AF7D5A-B7CD-4576-89A8-78F9E351AEDA}.Debug|Any CPU.Build.0 = Debug|Any CPU
		{E0AF7D5A-B7CD-4576-89A8-78F9E351AEDA}.Release|Any CPU.ActiveCfg = Release|Any CPU
		{E0AF7D5A-B7CD-4576-89A8-78F9E351AEDA}.Release|Any CPU.Build.0 = Release|Any CPU
		{6E4F12B0-1AB2-4CE1-B77F-93D779F7A5BF}.Debug|Any CPU.ActiveCfg = Debug|Any CPU
		{6E4F12B0-1AB2-4CE1-B77F-93D779F7A5BF}.Debug|Any CPU.Build.0 = Debug|Any CPU
		{6E4F12B0-1AB2-4CE1-B77F-93D779F7A5BF}.Release|Any CPU.ActiveCfg = Release|Any CPU
		{6E4F12B0-1AB2-4CE1-B77F-93D779F7A5BF}.Release|Any CPU.Build.0 = Release|Any CPU
		{2092FABE-30F1-4929-AA4C-C4478CCFC25C}.Debug|Any CPU.ActiveCfg = Debug|Any CPU
		{2092FABE-30F1-4929-AA4C-C4478CCFC25C}.Debug|Any CPU.Build.0 = Debug|Any CPU
		{2092FABE-30F1-4929-AA4C-C4478CCFC25C}.Release|Any CPU.ActiveCfg = Release|Any CPU
		{2092FABE-30F1-4929-AA4C-C4478CCFC25C}.Release|Any CPU.Build.0 = Release|Any CPU
		{DE5B5BB1-3641-4302-A58F-042BFA355F6F}.Debug|Any CPU.ActiveCfg = Debug|Any CPU
		{DE5B5BB1-3641-4302-A58F-042BFA355F6F}.Debug|Any CPU.Build.0 = Debug|Any CPU
		{DE5B5BB1-3641-4302-A58F-042BFA355F6F}.Release|Any CPU.ActiveCfg = Release|Any CPU
		{DE5B5BB1-3641-4302-A58F-042BFA355F6F}.Release|Any CPU.Build.0 = Release|Any CPU
		{12086149-FE1C-46D5-AECC-1AF6E4E635B1}.Debug|Any CPU.ActiveCfg = Debug|Any CPU
		{12086149-FE1C-46D5-AECC-1AF6E4E635B1}.Debug|Any CPU.Build.0 = Debug|Any CPU
		{12086149-FE1C-46D5-AECC-1AF6E4E635B1}.Release|Any CPU.ActiveCfg = Release|Any CPU
		{12086149-FE1C-46D5-AECC-1AF6E4E635B1}.Release|Any CPU.Build.0 = Release|Any CPU
		{9BF781F2-8593-4B49-A5CF-011E0C09012C}.Debug|Any CPU.ActiveCfg = Debug|Any CPU
		{9BF781F2-8593-4B49-A5CF-011E0C09012C}.Debug|Any CPU.Build.0 = Debug|Any CPU
		{9BF781F2-8593-4B49-A5CF-011E0C09012C}.Release|Any CPU.ActiveCfg = Release|Any CPU
		{9BF781F2-8593-4B49-A5CF-011E0C09012C}.Release|Any CPU.Build.0 = Release|Any CPU
		{6E4F6BA7-D59F-41D1-9308-D5816AC6273C}.Debug|Any CPU.ActiveCfg = Debug|Any CPU
		{6E4F6BA7-D59F-41D1-9308-D5816AC6273C}.Debug|Any CPU.Build.0 = Debug|Any CPU
		{6E4F6BA7-D59F-41D1-9308-D5816AC6273C}.Release|Any CPU.ActiveCfg = Release|Any CPU
		{6E4F6BA7-D59F-41D1-9308-D5816AC6273C}.Release|Any CPU.Build.0 = Release|Any CPU
		{AC7CE977-B6C3-4D22-9F7C-8ECE53041BD3}.Debug|Any CPU.ActiveCfg = Debug|Any CPU
		{AC7CE977-B6C3-4D22-9F7C-8ECE53041BD3}.Debug|Any CPU.Build.0 = Debug|Any CPU
		{AC7CE977-B6C3-4D22-9F7C-8ECE53041BD3}.Release|Any CPU.ActiveCfg = Release|Any CPU
		{AC7CE977-B6C3-4D22-9F7C-8ECE53041BD3}.Release|Any CPU.Build.0 = Release|Any CPU
		{24FCFC6E-2A57-43B4-ABD4-631B7055576D}.Debug|Any CPU.ActiveCfg = Debug|Any CPU
		{24FCFC6E-2A57-43B4-ABD4-631B7055576D}.Debug|Any CPU.Build.0 = Debug|Any CPU
		{24FCFC6E-2A57-43B4-ABD4-631B7055576D}.Release|Any CPU.ActiveCfg = Release|Any CPU
		{24FCFC6E-2A57-43B4-ABD4-631B7055576D}.Release|Any CPU.Build.0 = Release|Any CPU
		{CE0C2DBB-54DD-46B3-A00A-CD2996B2A712}.Debug|Any CPU.ActiveCfg = Debug|Any CPU
		{CE0C2DBB-54DD-46B3-A00A-CD2996B2A712}.Debug|Any CPU.Build.0 = Debug|Any CPU
		{CE0C2DBB-54DD-46B3-A00A-CD2996B2A712}.Release|Any CPU.ActiveCfg = Release|Any CPU
		{CE0C2DBB-54DD-46B3-A00A-CD2996B2A712}.Release|Any CPU.Build.0 = Release|Any CPU
		{9A6C5CE7-8E34-4D7F-ADB0-3BB4A86D09CD}.Debug|Any CPU.ActiveCfg = Debug|Any CPU
		{9A6C5CE7-8E34-4D7F-ADB0-3BB4A86D09CD}.Debug|Any CPU.Build.0 = Debug|Any CPU
		{9A6C5CE7-8E34-4D7F-ADB0-3BB4A86D09CD}.Release|Any CPU.ActiveCfg = Release|Any CPU
		{9A6C5CE7-8E34-4D7F-ADB0-3BB4A86D09CD}.Release|Any CPU.Build.0 = Release|Any CPU
	EndGlobalSection
	GlobalSection(SolutionProperties) = preSolution
		HideSolutionNode = FALSE
	EndGlobalSection
	GlobalSection(ExtensibilityGlobals) = postSolution
		SolutionGuid = {127B3BE8-72FD-42D0-9889-F9C998249B88}
	EndGlobalSection
EndGlobal
