
Microsoft Visual Studio Solution File, Format Version 12.00
# Visual Studio 15
VisualStudioVersion = 15.0.26730.16
MinimumVisualStudioVersion = 10.0.40219.1
Project("{FAE04EC0-301F-11D3-BF4B-00C04F79EFBC}") = "01.Poke Mon", "ExamPreperation\01.Poke Mon.csproj", "{C34CC3F0-DDD9-46BF-9E29-42092F26B9AE}"
EndProject
Project("{FAE04EC0-301F-11D3-BF4B-00C04F79EFBC}") = "test", "test\test.csproj", "{97D8F41D-0D77-4B02-BB90-BA6E5C1E057C}"
EndProject
Project("{FAE04EC0-301F-11D3-BF4B-00C04F79EFBC}") = "02.Pokemon Don't Go", "02.Pokemon Don't Go\02.Pokemon Don't Go.csproj", "{29A3A3EA-0D01-41EA-A210-F4C485E932A0}"
EndProject
Project("{FAE04EC0-301F-11D3-BF4B-00C04F79EFBC}") = "Softuni Coffee Orders", "Softuni Coffee Orders\Softuni Coffee Orders.csproj", "{177928F1-ABA7-4AB0-9BB2-6733A87151A0}"
EndProject
Project("{FAE04EC0-301F-11D3-BF4B-00C04F79EFBC}") = "4. Files", "4. Files\4. Files.csproj", "{629CCBAD-3FB8-4C44-A32D-8A40A9495FFA}"
EndProject
Project("{FAE04EC0-301F-11D3-BF4B-00C04F79EFBC}") = "03.Regexmon", "03.Regexmon\03.Regexmon.csproj", "{EF557252-FDB8-4BD8-8151-F5476DEB9A8D}"
EndProject
Project("{FAE04EC0-301F-11D3-BF4B-00C04F79EFBC}") = "04. Pokemon Evolution", "04. Pokemon Evolution\04. Pokemon Evolution.csproj", "{FA34E847-1BFF-4121-80B8-35BF2A4A0F8C}"
EndProject
Project("{FAE04EC0-301F-11D3-BF4B-00C04F79EFBC}") = "2 .Hornet Comm", "2 .Hornet Comm\2 .Hornet Comm.csproj", "{259B7E0E-F3FB-430C-9DE3-4ED266027663}"
EndProject
Project("{FAE04EC0-301F-11D3-BF4B-00C04F79EFBC}") = "test2", "test2\test2.csproj", "{967E4D2D-DB40-4845-89A9-5655F8D17690}"
EndProject
Project("{FAE04EC0-301F-11D3-BF4B-00C04F79EFBC}") = "3.Hornet Assault", "3.Hornet Assault\3.Hornet Assault.csproj", "{53F4D67F-2C9B-4EA9-A2D0-79C8581B58F2}"
EndProject
Project("{FAE04EC0-301F-11D3-BF4B-00C04F79EFBC}") = "4.Winning Ticket", "4.Winning Ticket\4.Winning Ticket.csproj", "{03FA0B27-D0D7-47BA-9ECC-A32335D5D4D4}"
EndProject
Project("{FAE04EC0-301F-11D3-BF4B-00C04F79EFBC}") = "02.SoftUni Karaoke", "02.SoftUni Karaoke\02.SoftUni Karaoke.csproj", "{8436527F-3879-4528-B1DC-4F5FFB9409F1}"
EndProject
Project("{FAE04EC0-301F-11D3-BF4B-00C04F79EFBC}") = "3.Endurance Rally", "3.Endurance Rally\3.Endurance Rally.csproj", "{CEE3A9AF-A172-4C68-8009-9B72263B6813}"
EndProject
Project("{FAE04EC0-301F-11D3-BF4B-00C04F79EFBC}") = "4. Roli - The Coder", "4. Roli - The Coder\4. Roli - The Coder.csproj", "{1B3CC1A4-DDE5-499D-828B-591E47ED9092}"
EndProject
Project("{FAE04EC0-301F-11D3-BF4B-00C04F79EFBC}") = "Roli", "Roli\Roli.csproj", "{F9EFF624-A4E8-45D4-ACFE-4E24301C3A2A}"
EndProject
Project("{FAE04EC0-301F-11D3-BF4B-00C04F79EFBC}") = "3 – Rage Quit", "3 – Rage Quit\3 – Rage Quit.csproj", "{26FAC542-D2F8-4AE7-8926-E6A4598327B9}"
EndProject
Project("{FAE04EC0-301F-11D3-BF4B-00C04F79EFBC}") = "2 – Command Interpreter", "2 – Command Interpreter\2 – Command Interpreter.csproj", "{49C6B63A-91F5-41CA-9FF9-C55613BF02F7}"
EndProject
Project("{FAE04EC0-301F-11D3-BF4B-00C04F79EFBC}") = "1. SoftUni Coffee Orders", "1. SoftUni Coffee Orders\1. SoftUni Coffee Orders.csproj", "{BA59023D-BCD9-4315-8124-C8E0021835D6}"
EndProject
Project("{FAE04EC0-301F-11D3-BF4B-00C04F79EFBC}") = "4 – Cubic’s Messages", "4 – Cubic’s Messages\4 – Cubic’s Messages.csproj", "{9FCA31E1-C66B-40F3-8278-84871E9F44AD}"
EndProject
Project("{FAE04EC0-301F-11D3-BF4B-00C04F79EFBC}") = "4 – Hornet Armada", "4 – Hornet Armada\4 – Hornet Armada.csproj", "{F490C222-8C80-46A5-809E-DBB28489A881}"
EndProject
Project("{FAE04EC0-301F-11D3-BF4B-00C04F79EFBC}") = "HornetArmadaAgain", "HornetArmadaAgain\HornetArmadaAgain.csproj", "{34E8A77C-5632-4C30-8DFA-A94CAB6B334C}"
EndProject
Global
	GlobalSection(SolutionConfigurationPlatforms) = preSolution
		Debug|Any CPU = Debug|Any CPU
		Release|Any CPU = Release|Any CPU
	EndGlobalSection
	GlobalSection(ProjectConfigurationPlatforms) = postSolution
		{C34CC3F0-DDD9-46BF-9E29-42092F26B9AE}.Debug|Any CPU.ActiveCfg = Debug|Any CPU
		{C34CC3F0-DDD9-46BF-9E29-42092F26B9AE}.Debug|Any CPU.Build.0 = Debug|Any CPU
		{C34CC3F0-DDD9-46BF-9E29-42092F26B9AE}.Release|Any CPU.ActiveCfg = Release|Any CPU
		{C34CC3F0-DDD9-46BF-9E29-42092F26B9AE}.Release|Any CPU.Build.0 = Release|Any CPU
		{97D8F41D-0D77-4B02-BB90-BA6E5C1E057C}.Debug|Any CPU.ActiveCfg = Debug|Any CPU
		{97D8F41D-0D77-4B02-BB90-BA6E5C1E057C}.Debug|Any CPU.Build.0 = Debug|Any CPU
		{97D8F41D-0D77-4B02-BB90-BA6E5C1E057C}.Release|Any CPU.ActiveCfg = Release|Any CPU
		{97D8F41D-0D77-4B02-BB90-BA6E5C1E057C}.Release|Any CPU.Build.0 = Release|Any CPU
		{29A3A3EA-0D01-41EA-A210-F4C485E932A0}.Debug|Any CPU.ActiveCfg = Debug|Any CPU
		{29A3A3EA-0D01-41EA-A210-F4C485E932A0}.Debug|Any CPU.Build.0 = Debug|Any CPU
		{29A3A3EA-0D01-41EA-A210-F4C485E932A0}.Release|Any CPU.ActiveCfg = Release|Any CPU
		{29A3A3EA-0D01-41EA-A210-F4C485E932A0}.Release|Any CPU.Build.0 = Release|Any CPU
		{177928F1-ABA7-4AB0-9BB2-6733A87151A0}.Debug|Any CPU.ActiveCfg = Debug|Any CPU
		{177928F1-ABA7-4AB0-9BB2-6733A87151A0}.Debug|Any CPU.Build.0 = Debug|Any CPU
		{177928F1-ABA7-4AB0-9BB2-6733A87151A0}.Release|Any CPU.ActiveCfg = Release|Any CPU
		{177928F1-ABA7-4AB0-9BB2-6733A87151A0}.Release|Any CPU.Build.0 = Release|Any CPU
		{629CCBAD-3FB8-4C44-A32D-8A40A9495FFA}.Debug|Any CPU.ActiveCfg = Debug|Any CPU
		{629CCBAD-3FB8-4C44-A32D-8A40A9495FFA}.Debug|Any CPU.Build.0 = Debug|Any CPU
		{629CCBAD-3FB8-4C44-A32D-8A40A9495FFA}.Release|Any CPU.ActiveCfg = Release|Any CPU
		{629CCBAD-3FB8-4C44-A32D-8A40A9495FFA}.Release|Any CPU.Build.0 = Release|Any CPU
		{EF557252-FDB8-4BD8-8151-F5476DEB9A8D}.Debug|Any CPU.ActiveCfg = Debug|Any CPU
		{EF557252-FDB8-4BD8-8151-F5476DEB9A8D}.Debug|Any CPU.Build.0 = Debug|Any CPU
		{EF557252-FDB8-4BD8-8151-F5476DEB9A8D}.Release|Any CPU.ActiveCfg = Release|Any CPU
		{EF557252-FDB8-4BD8-8151-F5476DEB9A8D}.Release|Any CPU.Build.0 = Release|Any CPU
		{FA34E847-1BFF-4121-80B8-35BF2A4A0F8C}.Debug|Any CPU.ActiveCfg = Debug|Any CPU
		{FA34E847-1BFF-4121-80B8-35BF2A4A0F8C}.Debug|Any CPU.Build.0 = Debug|Any CPU
		{FA34E847-1BFF-4121-80B8-35BF2A4A0F8C}.Release|Any CPU.ActiveCfg = Release|Any CPU
		{FA34E847-1BFF-4121-80B8-35BF2A4A0F8C}.Release|Any CPU.Build.0 = Release|Any CPU
		{259B7E0E-F3FB-430C-9DE3-4ED266027663}.Debug|Any CPU.ActiveCfg = Debug|Any CPU
		{259B7E0E-F3FB-430C-9DE3-4ED266027663}.Debug|Any CPU.Build.0 = Debug|Any CPU
		{259B7E0E-F3FB-430C-9DE3-4ED266027663}.Release|Any CPU.ActiveCfg = Release|Any CPU
		{259B7E0E-F3FB-430C-9DE3-4ED266027663}.Release|Any CPU.Build.0 = Release|Any CPU
		{967E4D2D-DB40-4845-89A9-5655F8D17690}.Debug|Any CPU.ActiveCfg = Debug|Any CPU
		{967E4D2D-DB40-4845-89A9-5655F8D17690}.Debug|Any CPU.Build.0 = Debug|Any CPU
		{967E4D2D-DB40-4845-89A9-5655F8D17690}.Release|Any CPU.ActiveCfg = Release|Any CPU
		{967E4D2D-DB40-4845-89A9-5655F8D17690}.Release|Any CPU.Build.0 = Release|Any CPU
		{53F4D67F-2C9B-4EA9-A2D0-79C8581B58F2}.Debug|Any CPU.ActiveCfg = Debug|Any CPU
		{53F4D67F-2C9B-4EA9-A2D0-79C8581B58F2}.Debug|Any CPU.Build.0 = Debug|Any CPU
		{53F4D67F-2C9B-4EA9-A2D0-79C8581B58F2}.Release|Any CPU.ActiveCfg = Release|Any CPU
		{53F4D67F-2C9B-4EA9-A2D0-79C8581B58F2}.Release|Any CPU.Build.0 = Release|Any CPU
		{03FA0B27-D0D7-47BA-9ECC-A32335D5D4D4}.Debug|Any CPU.ActiveCfg = Debug|Any CPU
		{03FA0B27-D0D7-47BA-9ECC-A32335D5D4D4}.Debug|Any CPU.Build.0 = Debug|Any CPU
		{03FA0B27-D0D7-47BA-9ECC-A32335D5D4D4}.Release|Any CPU.ActiveCfg = Release|Any CPU
		{03FA0B27-D0D7-47BA-9ECC-A32335D5D4D4}.Release|Any CPU.Build.0 = Release|Any CPU
		{8436527F-3879-4528-B1DC-4F5FFB9409F1}.Debug|Any CPU.ActiveCfg = Debug|Any CPU
		{8436527F-3879-4528-B1DC-4F5FFB9409F1}.Debug|Any CPU.Build.0 = Debug|Any CPU
		{8436527F-3879-4528-B1DC-4F5FFB9409F1}.Release|Any CPU.ActiveCfg = Release|Any CPU
		{8436527F-3879-4528-B1DC-4F5FFB9409F1}.Release|Any CPU.Build.0 = Release|Any CPU
		{CEE3A9AF-A172-4C68-8009-9B72263B6813}.Debug|Any CPU.ActiveCfg = Debug|Any CPU
		{CEE3A9AF-A172-4C68-8009-9B72263B6813}.Debug|Any CPU.Build.0 = Debug|Any CPU
		{CEE3A9AF-A172-4C68-8009-9B72263B6813}.Release|Any CPU.ActiveCfg = Release|Any CPU
		{CEE3A9AF-A172-4C68-8009-9B72263B6813}.Release|Any CPU.Build.0 = Release|Any CPU
		{1B3CC1A4-DDE5-499D-828B-591E47ED9092}.Debug|Any CPU.ActiveCfg = Debug|Any CPU
		{1B3CC1A4-DDE5-499D-828B-591E47ED9092}.Debug|Any CPU.Build.0 = Debug|Any CPU
		{1B3CC1A4-DDE5-499D-828B-591E47ED9092}.Release|Any CPU.ActiveCfg = Release|Any CPU
		{1B3CC1A4-DDE5-499D-828B-591E47ED9092}.Release|Any CPU.Build.0 = Release|Any CPU
		{F9EFF624-A4E8-45D4-ACFE-4E24301C3A2A}.Debug|Any CPU.ActiveCfg = Debug|Any CPU
		{F9EFF624-A4E8-45D4-ACFE-4E24301C3A2A}.Debug|Any CPU.Build.0 = Debug|Any CPU
		{F9EFF624-A4E8-45D4-ACFE-4E24301C3A2A}.Release|Any CPU.ActiveCfg = Release|Any CPU
		{F9EFF624-A4E8-45D4-ACFE-4E24301C3A2A}.Release|Any CPU.Build.0 = Release|Any CPU
		{26FAC542-D2F8-4AE7-8926-E6A4598327B9}.Debug|Any CPU.ActiveCfg = Debug|Any CPU
		{26FAC542-D2F8-4AE7-8926-E6A4598327B9}.Debug|Any CPU.Build.0 = Debug|Any CPU
		{26FAC542-D2F8-4AE7-8926-E6A4598327B9}.Release|Any CPU.ActiveCfg = Release|Any CPU
		{26FAC542-D2F8-4AE7-8926-E6A4598327B9}.Release|Any CPU.Build.0 = Release|Any CPU
		{49C6B63A-91F5-41CA-9FF9-C55613BF02F7}.Debug|Any CPU.ActiveCfg = Debug|Any CPU
		{49C6B63A-91F5-41CA-9FF9-C55613BF02F7}.Debug|Any CPU.Build.0 = Debug|Any CPU
		{49C6B63A-91F5-41CA-9FF9-C55613BF02F7}.Release|Any CPU.ActiveCfg = Release|Any CPU
		{49C6B63A-91F5-41CA-9FF9-C55613BF02F7}.Release|Any CPU.Build.0 = Release|Any CPU
		{BA59023D-BCD9-4315-8124-C8E0021835D6}.Debug|Any CPU.ActiveCfg = Debug|Any CPU
		{BA59023D-BCD9-4315-8124-C8E0021835D6}.Debug|Any CPU.Build.0 = Debug|Any CPU
		{BA59023D-BCD9-4315-8124-C8E0021835D6}.Release|Any CPU.ActiveCfg = Release|Any CPU
		{BA59023D-BCD9-4315-8124-C8E0021835D6}.Release|Any CPU.Build.0 = Release|Any CPU
		{9FCA31E1-C66B-40F3-8278-84871E9F44AD}.Debug|Any CPU.ActiveCfg = Debug|Any CPU
		{9FCA31E1-C66B-40F3-8278-84871E9F44AD}.Debug|Any CPU.Build.0 = Debug|Any CPU
		{9FCA31E1-C66B-40F3-8278-84871E9F44AD}.Release|Any CPU.ActiveCfg = Release|Any CPU
		{9FCA31E1-C66B-40F3-8278-84871E9F44AD}.Release|Any CPU.Build.0 = Release|Any CPU
		{F490C222-8C80-46A5-809E-DBB28489A881}.Debug|Any CPU.ActiveCfg = Debug|Any CPU
		{F490C222-8C80-46A5-809E-DBB28489A881}.Debug|Any CPU.Build.0 = Debug|Any CPU
		{F490C222-8C80-46A5-809E-DBB28489A881}.Release|Any CPU.ActiveCfg = Release|Any CPU
		{F490C222-8C80-46A5-809E-DBB28489A881}.Release|Any CPU.Build.0 = Release|Any CPU
		{34E8A77C-5632-4C30-8DFA-A94CAB6B334C}.Debug|Any CPU.ActiveCfg = Debug|Any CPU
		{34E8A77C-5632-4C30-8DFA-A94CAB6B334C}.Debug|Any CPU.Build.0 = Debug|Any CPU
		{34E8A77C-5632-4C30-8DFA-A94CAB6B334C}.Release|Any CPU.ActiveCfg = Release|Any CPU
		{34E8A77C-5632-4C30-8DFA-A94CAB6B334C}.Release|Any CPU.Build.0 = Release|Any CPU
	EndGlobalSection
	GlobalSection(SolutionProperties) = preSolution
		HideSolutionNode = FALSE
	EndGlobalSection
	GlobalSection(ExtensibilityGlobals) = postSolution
		SolutionGuid = {B8D0AF52-34C5-4608-B2C6-18EFE6FBA78A}
	EndGlobalSection
EndGlobal
