
Microsoft Visual Studio Solution File, Format Version 12.00
# Visual Studio 15
VisualStudioVersion = 15.0.26730.16
MinimumVisualStudioVersion = 10.0.40219.1
Project("{FAE04EC0-301F-11D3-BF4B-00C04F79EFBC}") = "01.Most Frequent Number", "01.Most Frequent Number\01.Most Frequent Number.csproj", "{04529EC8-7550-4B73-8973-B57E37CF041F}"
EndProject
Project("{FAE04EC0-301F-11D3-BF4B-00C04F79EFBC}") = "02.Index of Letters", "02.Index of Letters\02.Index of Letters.csproj", "{EF524BC1-BD2F-4221-8B1D-FB7032DAE852}"
EndProject
Project("{FAE04EC0-301F-11D3-BF4B-00C04F79EFBC}") = "03.Equal Sums", "03.Equal Sums\03.Equal Sums.csproj", "{BCF07CAA-9AE5-4A9F-8A79-3964E62B4D65}"
EndProject
Project("{FAE04EC0-301F-11D3-BF4B-00C04F79EFBC}") = "04.Max Sequence of Equal Elements", "04.Max Sequence of Equal Elements\04.Max Sequence of Equal Elements.csproj", "{4594A096-517F-480C-85F6-4D701A0E2A26}"
EndProject
Project("{FAE04EC0-301F-11D3-BF4B-00C04F79EFBC}") = "05.A Miner Task", "05.A Miner Task\05.A Miner Task.csproj", "{DE525063-C8D0-4497-BEF4-8E75C7FEDD08}"
EndProject
Project("{FAE04EC0-301F-11D3-BF4B-00C04F79EFBC}") = "06.FixEmails", "06.FixEmails\06.FixEmails.csproj", "{179F0CA6-EDBC-4BC3-9A51-CA53C7FEFE09}"
EndProject
Project("{FAE04EC0-301F-11D3-BF4B-00C04F79EFBC}") = "07.AdvertisementMessage", "07.AdvertisementMessage\07.AdvertisementMessage.csproj", "{D44DA3C3-8A74-41FA-9EBA-215101C0BB2F}"
EndProject
Project("{FAE04EC0-301F-11D3-BF4B-00C04F79EFBC}") = "08.Average Grades", "08.Average Grades\08.Average Grades.csproj", "{D5407BC2-5A76-45B8-8F88-736E2EE3EB14}"
EndProject
Project("{FAE04EC0-301F-11D3-BF4B-00C04F79EFBC}") = "09.Book Library", "09.Book Library\09.Book Library.csproj", "{CF4196FE-E63A-4461-BEF3-12D72415DA28}"
EndProject
Project("{FAE04EC0-301F-11D3-BF4B-00C04F79EFBC}") = "10 BookLibraryMod", "10.Book Library Modification\10 BookLibraryMod.csproj", "{EF0EB219-4E51-45BF-B30E-2713BCEBE2AB}"
EndProject
Global
	GlobalSection(SolutionConfigurationPlatforms) = preSolution
		Debug|Any CPU = Debug|Any CPU
		Release|Any CPU = Release|Any CPU
	EndGlobalSection
	GlobalSection(ProjectConfigurationPlatforms) = postSolution
		{04529EC8-7550-4B73-8973-B57E37CF041F}.Debug|Any CPU.ActiveCfg = Debug|Any CPU
		{04529EC8-7550-4B73-8973-B57E37CF041F}.Debug|Any CPU.Build.0 = Debug|Any CPU
		{04529EC8-7550-4B73-8973-B57E37CF041F}.Release|Any CPU.ActiveCfg = Release|Any CPU
		{04529EC8-7550-4B73-8973-B57E37CF041F}.Release|Any CPU.Build.0 = Release|Any CPU
		{EF524BC1-BD2F-4221-8B1D-FB7032DAE852}.Debug|Any CPU.ActiveCfg = Debug|Any CPU
		{EF524BC1-BD2F-4221-8B1D-FB7032DAE852}.Debug|Any CPU.Build.0 = Debug|Any CPU
		{EF524BC1-BD2F-4221-8B1D-FB7032DAE852}.Release|Any CPU.ActiveCfg = Release|Any CPU
		{EF524BC1-BD2F-4221-8B1D-FB7032DAE852}.Release|Any CPU.Build.0 = Release|Any CPU
		{BCF07CAA-9AE5-4A9F-8A79-3964E62B4D65}.Debug|Any CPU.ActiveCfg = Debug|Any CPU
		{BCF07CAA-9AE5-4A9F-8A79-3964E62B4D65}.Debug|Any CPU.Build.0 = Debug|Any CPU
		{BCF07CAA-9AE5-4A9F-8A79-3964E62B4D65}.Release|Any CPU.ActiveCfg = Release|Any CPU
		{BCF07CAA-9AE5-4A9F-8A79-3964E62B4D65}.Release|Any CPU.Build.0 = Release|Any CPU
		{4594A096-517F-480C-85F6-4D701A0E2A26}.Debug|Any CPU.ActiveCfg = Debug|Any CPU
		{4594A096-517F-480C-85F6-4D701A0E2A26}.Debug|Any CPU.Build.0 = Debug|Any CPU
		{4594A096-517F-480C-85F6-4D701A0E2A26}.Release|Any CPU.ActiveCfg = Release|Any CPU
		{4594A096-517F-480C-85F6-4D701A0E2A26}.Release|Any CPU.Build.0 = Release|Any CPU
		{DE525063-C8D0-4497-BEF4-8E75C7FEDD08}.Debug|Any CPU.ActiveCfg = Debug|Any CPU
		{DE525063-C8D0-4497-BEF4-8E75C7FEDD08}.Debug|Any CPU.Build.0 = Debug|Any CPU
		{DE525063-C8D0-4497-BEF4-8E75C7FEDD08}.Release|Any CPU.ActiveCfg = Release|Any CPU
		{DE525063-C8D0-4497-BEF4-8E75C7FEDD08}.Release|Any CPU.Build.0 = Release|Any CPU
		{179F0CA6-EDBC-4BC3-9A51-CA53C7FEFE09}.Debug|Any CPU.ActiveCfg = Debug|Any CPU
		{179F0CA6-EDBC-4BC3-9A51-CA53C7FEFE09}.Debug|Any CPU.Build.0 = Debug|Any CPU
		{179F0CA6-EDBC-4BC3-9A51-CA53C7FEFE09}.Release|Any CPU.ActiveCfg = Release|Any CPU
		{179F0CA6-EDBC-4BC3-9A51-CA53C7FEFE09}.Release|Any CPU.Build.0 = Release|Any CPU
		{D44DA3C3-8A74-41FA-9EBA-215101C0BB2F}.Debug|Any CPU.ActiveCfg = Debug|Any CPU
		{D44DA3C3-8A74-41FA-9EBA-215101C0BB2F}.Debug|Any CPU.Build.0 = Debug|Any CPU
		{D44DA3C3-8A74-41FA-9EBA-215101C0BB2F}.Release|Any CPU.ActiveCfg = Release|Any CPU
		{D44DA3C3-8A74-41FA-9EBA-215101C0BB2F}.Release|Any CPU.Build.0 = Release|Any CPU
		{D5407BC2-5A76-45B8-8F88-736E2EE3EB14}.Debug|Any CPU.ActiveCfg = Debug|Any CPU
		{D5407BC2-5A76-45B8-8F88-736E2EE3EB14}.Debug|Any CPU.Build.0 = Debug|Any CPU
		{D5407BC2-5A76-45B8-8F88-736E2EE3EB14}.Release|Any CPU.ActiveCfg = Release|Any CPU
		{D5407BC2-5A76-45B8-8F88-736E2EE3EB14}.Release|Any CPU.Build.0 = Release|Any CPU
		{CF4196FE-E63A-4461-BEF3-12D72415DA28}.Debug|Any CPU.ActiveCfg = Debug|Any CPU
		{CF4196FE-E63A-4461-BEF3-12D72415DA28}.Debug|Any CPU.Build.0 = Debug|Any CPU
		{CF4196FE-E63A-4461-BEF3-12D72415DA28}.Release|Any CPU.ActiveCfg = Release|Any CPU
		{CF4196FE-E63A-4461-BEF3-12D72415DA28}.Release|Any CPU.Build.0 = Release|Any CPU
		{EF0EB219-4E51-45BF-B30E-2713BCEBE2AB}.Debug|Any CPU.ActiveCfg = Debug|Any CPU
		{EF0EB219-4E51-45BF-B30E-2713BCEBE2AB}.Debug|Any CPU.Build.0 = Debug|Any CPU
		{EF0EB219-4E51-45BF-B30E-2713BCEBE2AB}.Release|Any CPU.ActiveCfg = Release|Any CPU
		{EF0EB219-4E51-45BF-B30E-2713BCEBE2AB}.Release|Any CPU.Build.0 = Release|Any CPU
	EndGlobalSection
	GlobalSection(SolutionProperties) = preSolution
		HideSolutionNode = FALSE
	EndGlobalSection
	GlobalSection(ExtensibilityGlobals) = postSolution
		SolutionGuid = {A1B41F35-C7FD-4FBE-9C4D-B44C221E64B7}
	EndGlobalSection
EndGlobal
