
Microsoft Visual Studio Solution File, Format Version 12.00
# Visual Studio 15
VisualStudioVersion = 15.0.26730.16
MinimumVisualStudioVersion = 10.0.40219.1
Project("{FAE04EC0-301F-11D3-BF4B-00C04F79EFBC}") = "06.Sum Reversed Numbers", "Lists - Exercises\06.Sum Reversed Numbers.csproj", "{A371D61F-61A2-44E3-8DF4-5742D784D65A}"
EndProject
Project("{FAE04EC0-301F-11D3-BF4B-00C04F79EFBC}") = "03.Search for a Number", "03.Search for a Number\03.Search for a Number.csproj", "{15F85B61-96C1-4A65-BDB5-B70AD7A2539A}"
EndProject
Project("{FAE04EC0-301F-11D3-BF4B-00C04F79EFBC}") = "02.Change List", "02.Change List\02.Change List.csproj", "{A2A16F6F-6FC5-4AE5-8033-856410093F00}"
EndProject
Project("{FAE04EC0-301F-11D3-BF4B-00C04F79EFBC}") = "06.Sum Reversed Numbers-Mine", "06.Sum Reversed Numbers-Mine\06.Sum Reversed Numbers-Mine.csproj", "{461A24DD-48A4-4B67-935B-72AF1F39BCD3}"
EndProject
Project("{FAE04EC0-301F-11D3-BF4B-00C04F79EFBC}") = "test", "test\test.csproj", "{1A8FC577-247F-43FA-86CF-47A7BD74ACD4}"
EndProject
Project("{FAE04EC0-301F-11D3-BF4B-00C04F79EFBC}") = "07.Bomb Numbers", "07.Bomb Numbers\07.Bomb Numbers.csproj", "{BDA1CE69-9184-477B-A0F7-7C3B13F470A0}"
EndProject
Project("{FAE04EC0-301F-11D3-BF4B-00C04F79EFBC}") = "01.Max Sequence of Equal Elements", "01.Max Sequence of Equal Elements\01.Max Sequence of Equal Elements.csproj", "{81F099D6-152F-420B-8699-1F7C560A845E}"
EndProject
Project("{FAE04EC0-301F-11D3-BF4B-00C04F79EFBC}") = "05.Array Manipulator", "05.Array Manipulator\05.Array Manipulator.csproj", "{7902C522-A8BD-4389-9BED-99A654C7981B}"
EndProject
Global
	GlobalSection(SolutionConfigurationPlatforms) = preSolution
		Debug|Any CPU = Debug|Any CPU
		Release|Any CPU = Release|Any CPU
	EndGlobalSection
	GlobalSection(ProjectConfigurationPlatforms) = postSolution
		{A371D61F-61A2-44E3-8DF4-5742D784D65A}.Debug|Any CPU.ActiveCfg = Debug|Any CPU
		{A371D61F-61A2-44E3-8DF4-5742D784D65A}.Debug|Any CPU.Build.0 = Debug|Any CPU
		{A371D61F-61A2-44E3-8DF4-5742D784D65A}.Release|Any CPU.ActiveCfg = Release|Any CPU
		{A371D61F-61A2-44E3-8DF4-5742D784D65A}.Release|Any CPU.Build.0 = Release|Any CPU
		{15F85B61-96C1-4A65-BDB5-B70AD7A2539A}.Debug|Any CPU.ActiveCfg = Debug|Any CPU
		{15F85B61-96C1-4A65-BDB5-B70AD7A2539A}.Debug|Any CPU.Build.0 = Debug|Any CPU
		{15F85B61-96C1-4A65-BDB5-B70AD7A2539A}.Release|Any CPU.ActiveCfg = Release|Any CPU
		{15F85B61-96C1-4A65-BDB5-B70AD7A2539A}.Release|Any CPU.Build.0 = Release|Any CPU
		{A2A16F6F-6FC5-4AE5-8033-856410093F00}.Debug|Any CPU.ActiveCfg = Debug|Any CPU
		{A2A16F6F-6FC5-4AE5-8033-856410093F00}.Debug|Any CPU.Build.0 = Debug|Any CPU
		{A2A16F6F-6FC5-4AE5-8033-856410093F00}.Release|Any CPU.ActiveCfg = Release|Any CPU
		{A2A16F6F-6FC5-4AE5-8033-856410093F00}.Release|Any CPU.Build.0 = Release|Any CPU
		{461A24DD-48A4-4B67-935B-72AF1F39BCD3}.Debug|Any CPU.ActiveCfg = Debug|Any CPU
		{461A24DD-48A4-4B67-935B-72AF1F39BCD3}.Debug|Any CPU.Build.0 = Debug|Any CPU
		{461A24DD-48A4-4B67-935B-72AF1F39BCD3}.Release|Any CPU.ActiveCfg = Release|Any CPU
		{461A24DD-48A4-4B67-935B-72AF1F39BCD3}.Release|Any CPU.Build.0 = Release|Any CPU
		{1A8FC577-247F-43FA-86CF-47A7BD74ACD4}.Debug|Any CPU.ActiveCfg = Debug|Any CPU
		{1A8FC577-247F-43FA-86CF-47A7BD74ACD4}.Debug|Any CPU.Build.0 = Debug|Any CPU
		{1A8FC577-247F-43FA-86CF-47A7BD74ACD4}.Release|Any CPU.ActiveCfg = Release|Any CPU
		{1A8FC577-247F-43FA-86CF-47A7BD74ACD4}.Release|Any CPU.Build.0 = Release|Any CPU
		{BDA1CE69-9184-477B-A0F7-7C3B13F470A0}.Debug|Any CPU.ActiveCfg = Debug|Any CPU
		{BDA1CE69-9184-477B-A0F7-7C3B13F470A0}.Debug|Any CPU.Build.0 = Debug|Any CPU
		{BDA1CE69-9184-477B-A0F7-7C3B13F470A0}.Release|Any CPU.ActiveCfg = Release|Any CPU
		{BDA1CE69-9184-477B-A0F7-7C3B13F470A0}.Release|Any CPU.Build.0 = Release|Any CPU
		{81F099D6-152F-420B-8699-1F7C560A845E}.Debug|Any CPU.ActiveCfg = Debug|Any CPU
		{81F099D6-152F-420B-8699-1F7C560A845E}.Debug|Any CPU.Build.0 = Debug|Any CPU
		{81F099D6-152F-420B-8699-1F7C560A845E}.Release|Any CPU.ActiveCfg = Release|Any CPU
		{81F099D6-152F-420B-8699-1F7C560A845E}.Release|Any CPU.Build.0 = Release|Any CPU
		{7902C522-A8BD-4389-9BED-99A654C7981B}.Debug|Any CPU.ActiveCfg = Debug|Any CPU
		{7902C522-A8BD-4389-9BED-99A654C7981B}.Debug|Any CPU.Build.0 = Debug|Any CPU
		{7902C522-A8BD-4389-9BED-99A654C7981B}.Release|Any CPU.ActiveCfg = Release|Any CPU
		{7902C522-A8BD-4389-9BED-99A654C7981B}.Release|Any CPU.Build.0 = Release|Any CPU
	EndGlobalSection
	GlobalSection(SolutionProperties) = preSolution
		HideSolutionNode = FALSE
	EndGlobalSection
	GlobalSection(ExtensibilityGlobals) = postSolution
		SolutionGuid = {6BA36AC8-EC85-4464-BBDD-6C8AC89C31BB}
	EndGlobalSection
EndGlobal
