
Microsoft Visual Studio Solution File, Format Version 12.00
# Visual Studio 15
VisualStudioVersion = 15.0.26730.16
MinimumVisualStudioVersion = 10.0.40219.1
Project("{FAE04EC0-301F-11D3-BF4B-00C04F79EFBC}") = "06.Prime Checker", "MethodsDebugging-Exercises\06.Prime Checker.csproj", "{B47A4C0B-092F-4B74-8B70-E779D28E4BCD}"
EndProject
Project("{FAE04EC0-301F-11D3-BF4B-00C04F79EFBC}") = "04.Numbers in Reversed Order", "04.Numbers in Reversed Order\04.Numbers in Reversed Order.csproj", "{20DDBAC2-F035-42E4-AA8A-18193A457520}"
EndProject
Project("{FAE04EC0-301F-11D3-BF4B-00C04F79EFBC}") = "10.Cube Properties", "10.Cube Properties\10.Cube Properties.csproj", "{549F74D6-A64B-4697-9323-2A06B294B542}"
EndProject
Project("{FAE04EC0-301F-11D3-BF4B-00C04F79EFBC}") = "12.Master Number", "12.Master Number\12.Master Number.csproj", "{9CF3A820-295A-4D53-992E-5F22B5AB74B6}"
EndProject
Project("{FAE04EC0-301F-11D3-BF4B-00C04F79EFBC}") = "08.Center Point", "08.Center Point\08.Center Point.csproj", "{B3A8718F-2579-46F0-A681-6CEF22E93DC7}"
EndProject
Project("{FAE04EC0-301F-11D3-BF4B-00C04F79EFBC}") = "11.Geometry Calculator", "11.Geometry Calculator\11.Geometry Calculator.csproj", "{77DD445E-7A91-4E02-8217-5657FD765652}"
EndProject
Project("{FAE04EC0-301F-11D3-BF4B-00C04F79EFBC}") = "11.secoundTry", "11.secoundTry\11.secoundTry.csproj", "{F03CE7CC-35ED-40E4-88C6-7A579911AF44}"
EndProject
Project("{FAE04EC0-301F-11D3-BF4B-00C04F79EFBC}") = "13.Factorial", "13.Factorial\13.Factorial.csproj", "{1985E440-EE5A-4C37-AE66-02BDD76F5FB8}"
EndProject
Project("{FAE04EC0-301F-11D3-BF4B-00C04F79EFBC}") = "14.Factorial Trailing Zeroes", "14.Factorial Trailing Zeroes\14.Factorial Trailing Zeroes.csproj", "{F9E1DD0F-BE03-4714-921C-EC33721AC03B}"
EndProject
Project("{FAE04EC0-301F-11D3-BF4B-00C04F79EFBC}") = "03.English Name of Last Digit", "03.English Name of Last Digit\03.English Name of Last Digit.csproj", "{E5347990-FED3-4649-886A-BABA3D89A62A}"
EndProject
Project("{FAE04EC0-301F-11D3-BF4B-00C04F79EFBC}") = "12.Master Number-second", "12.Master Number-second\12.Master Number-second.csproj", "{31147798-B076-4BA9-8123-F04D3655B1B6}"
EndProject
Project("{FAE04EC0-301F-11D3-BF4B-00C04F79EFBC}") = "09.Longer Line", "09.Longer Line\09.Longer Line.csproj", "{6162FF8F-8B1E-47BA-98C1-3860713FE935}"
EndProject
Project("{FAE04EC0-301F-11D3-BF4B-00C04F79EFBC}") = "07.Primes in Given Range", "07.Primes in Given Range\07.Primes in Given Range.csproj", "{8B4DAE08-9FF8-4921-95ED-354FFD7D836B}"
EndProject
Global
	GlobalSection(SolutionConfigurationPlatforms) = preSolution
		Debug|Any CPU = Debug|Any CPU
		Release|Any CPU = Release|Any CPU
	EndGlobalSection
	GlobalSection(ProjectConfigurationPlatforms) = postSolution
		{B47A4C0B-092F-4B74-8B70-E779D28E4BCD}.Debug|Any CPU.ActiveCfg = Debug|Any CPU
		{B47A4C0B-092F-4B74-8B70-E779D28E4BCD}.Debug|Any CPU.Build.0 = Debug|Any CPU
		{B47A4C0B-092F-4B74-8B70-E779D28E4BCD}.Release|Any CPU.ActiveCfg = Release|Any CPU
		{B47A4C0B-092F-4B74-8B70-E779D28E4BCD}.Release|Any CPU.Build.0 = Release|Any CPU
		{20DDBAC2-F035-42E4-AA8A-18193A457520}.Debug|Any CPU.ActiveCfg = Debug|Any CPU
		{20DDBAC2-F035-42E4-AA8A-18193A457520}.Debug|Any CPU.Build.0 = Debug|Any CPU
		{20DDBAC2-F035-42E4-AA8A-18193A457520}.Release|Any CPU.ActiveCfg = Release|Any CPU
		{20DDBAC2-F035-42E4-AA8A-18193A457520}.Release|Any CPU.Build.0 = Release|Any CPU
		{549F74D6-A64B-4697-9323-2A06B294B542}.Debug|Any CPU.ActiveCfg = Debug|Any CPU
		{549F74D6-A64B-4697-9323-2A06B294B542}.Debug|Any CPU.Build.0 = Debug|Any CPU
		{549F74D6-A64B-4697-9323-2A06B294B542}.Release|Any CPU.ActiveCfg = Release|Any CPU
		{549F74D6-A64B-4697-9323-2A06B294B542}.Release|Any CPU.Build.0 = Release|Any CPU
		{9CF3A820-295A-4D53-992E-5F22B5AB74B6}.Debug|Any CPU.ActiveCfg = Debug|Any CPU
		{9CF3A820-295A-4D53-992E-5F22B5AB74B6}.Debug|Any CPU.Build.0 = Debug|Any CPU
		{9CF3A820-295A-4D53-992E-5F22B5AB74B6}.Release|Any CPU.ActiveCfg = Release|Any CPU
		{9CF3A820-295A-4D53-992E-5F22B5AB74B6}.Release|Any CPU.Build.0 = Release|Any CPU
		{B3A8718F-2579-46F0-A681-6CEF22E93DC7}.Debug|Any CPU.ActiveCfg = Debug|Any CPU
		{B3A8718F-2579-46F0-A681-6CEF22E93DC7}.Debug|Any CPU.Build.0 = Debug|Any CPU
		{B3A8718F-2579-46F0-A681-6CEF22E93DC7}.Release|Any CPU.ActiveCfg = Release|Any CPU
		{B3A8718F-2579-46F0-A681-6CEF22E93DC7}.Release|Any CPU.Build.0 = Release|Any CPU
		{77DD445E-7A91-4E02-8217-5657FD765652}.Debug|Any CPU.ActiveCfg = Debug|Any CPU
		{77DD445E-7A91-4E02-8217-5657FD765652}.Debug|Any CPU.Build.0 = Debug|Any CPU
		{77DD445E-7A91-4E02-8217-5657FD765652}.Release|Any CPU.ActiveCfg = Release|Any CPU
		{77DD445E-7A91-4E02-8217-5657FD765652}.Release|Any CPU.Build.0 = Release|Any CPU
		{F03CE7CC-35ED-40E4-88C6-7A579911AF44}.Debug|Any CPU.ActiveCfg = Debug|Any CPU
		{F03CE7CC-35ED-40E4-88C6-7A579911AF44}.Debug|Any CPU.Build.0 = Debug|Any CPU
		{F03CE7CC-35ED-40E4-88C6-7A579911AF44}.Release|Any CPU.ActiveCfg = Release|Any CPU
		{F03CE7CC-35ED-40E4-88C6-7A579911AF44}.Release|Any CPU.Build.0 = Release|Any CPU
		{1985E440-EE5A-4C37-AE66-02BDD76F5FB8}.Debug|Any CPU.ActiveCfg = Debug|Any CPU
		{1985E440-EE5A-4C37-AE66-02BDD76F5FB8}.Debug|Any CPU.Build.0 = Debug|Any CPU
		{1985E440-EE5A-4C37-AE66-02BDD76F5FB8}.Release|Any CPU.ActiveCfg = Release|Any CPU
		{1985E440-EE5A-4C37-AE66-02BDD76F5FB8}.Release|Any CPU.Build.0 = Release|Any CPU
		{F9E1DD0F-BE03-4714-921C-EC33721AC03B}.Debug|Any CPU.ActiveCfg = Debug|Any CPU
		{F9E1DD0F-BE03-4714-921C-EC33721AC03B}.Debug|Any CPU.Build.0 = Debug|Any CPU
		{F9E1DD0F-BE03-4714-921C-EC33721AC03B}.Release|Any CPU.ActiveCfg = Release|Any CPU
		{F9E1DD0F-BE03-4714-921C-EC33721AC03B}.Release|Any CPU.Build.0 = Release|Any CPU
		{E5347990-FED3-4649-886A-BABA3D89A62A}.Debug|Any CPU.ActiveCfg = Debug|Any CPU
		{E5347990-FED3-4649-886A-BABA3D89A62A}.Debug|Any CPU.Build.0 = Debug|Any CPU
		{E5347990-FED3-4649-886A-BABA3D89A62A}.Release|Any CPU.ActiveCfg = Release|Any CPU
		{E5347990-FED3-4649-886A-BABA3D89A62A}.Release|Any CPU.Build.0 = Release|Any CPU
		{31147798-B076-4BA9-8123-F04D3655B1B6}.Debug|Any CPU.ActiveCfg = Debug|Any CPU
		{31147798-B076-4BA9-8123-F04D3655B1B6}.Debug|Any CPU.Build.0 = Debug|Any CPU
		{31147798-B076-4BA9-8123-F04D3655B1B6}.Release|Any CPU.ActiveCfg = Release|Any CPU
		{31147798-B076-4BA9-8123-F04D3655B1B6}.Release|Any CPU.Build.0 = Release|Any CPU
		{6162FF8F-8B1E-47BA-98C1-3860713FE935}.Debug|Any CPU.ActiveCfg = Debug|Any CPU
		{6162FF8F-8B1E-47BA-98C1-3860713FE935}.Debug|Any CPU.Build.0 = Debug|Any CPU
		{6162FF8F-8B1E-47BA-98C1-3860713FE935}.Release|Any CPU.ActiveCfg = Release|Any CPU
		{6162FF8F-8B1E-47BA-98C1-3860713FE935}.Release|Any CPU.Build.0 = Release|Any CPU
		{8B4DAE08-9FF8-4921-95ED-354FFD7D836B}.Debug|Any CPU.ActiveCfg = Debug|Any CPU
		{8B4DAE08-9FF8-4921-95ED-354FFD7D836B}.Debug|Any CPU.Build.0 = Debug|Any CPU
		{8B4DAE08-9FF8-4921-95ED-354FFD7D836B}.Release|Any CPU.ActiveCfg = Release|Any CPU
		{8B4DAE08-9FF8-4921-95ED-354FFD7D836B}.Release|Any CPU.Build.0 = Release|Any CPU
	EndGlobalSection
	GlobalSection(SolutionProperties) = preSolution
		HideSolutionNode = FALSE
	EndGlobalSection
	GlobalSection(ExtensibilityGlobals) = postSolution
		SolutionGuid = {C42E12FF-E47D-4218-8179-DB5F41F4D883}
	EndGlobalSection
EndGlobal
