
Microsoft Visual Studio Solution File, Format Version 12.00
# Visual Studio 15
VisualStudioVersion = 15.0.26730.16
MinimumVisualStudioVersion = 10.0.40219.1
Project("{FAE04EC0-301F-11D3-BF4B-00C04F79EFBC}") = "03.Unicode Characters", "Strings and Text Processing - Exercises\03.Unicode Characters.csproj", "{F42FC405-A553-4110-A2BB-8EA322461671}"
EndProject
Project("{FAE04EC0-301F-11D3-BF4B-00C04F79EFBC}") = "04.Character Multiplier", "04.Character Multiplier\04.Character Multiplier.csproj", "{60403DD9-1510-4BB9-8E9D-3F5CC6FA000F}"
EndProject
Project("{FAE04EC0-301F-11D3-BF4B-00C04F79EFBC}") = "09.Melrah Shake", "09.Melrah Shake\09.Melrah Shake.csproj", "{6A9DC1DB-910E-4B18-B700-DD8918953A4F}"
EndProject
Project("{FAE04EC0-301F-11D3-BF4B-00C04F79EFBC}") = "07.Multiply big number", "07.Multiply big number\07.Multiply big number.csproj", "{8594A6C3-1DB1-43BC-958E-F2E2D487953D}"
EndProject
Project("{FAE04EC0-301F-11D3-BF4B-00C04F79EFBC}") = "06.Sum big numbers", "06.Sum big numbers\06.Sum big numbers.csproj", "{4839D567-3CA6-42E5-8562-EE4575A0DD96}"
EndProject
Project("{FAE04EC0-301F-11D3-BF4B-00C04F79EFBC}") = "test", "test\test.csproj", "{0AEEC0A2-E0ED-4EEE-926A-697CFF360328}"
EndProject
Project("{FAE04EC0-301F-11D3-BF4B-00C04F79EFBC}") = "06.Sum big numbers-Second", "06.Sum big numbers-Second\06.Sum big numbers-Second.csproj", "{2EC9915C-BDBF-48DC-9F36-A3B2D8FA7A43}"
EndProject
Project("{FAE04EC0-301F-11D3-BF4B-00C04F79EFBC}") = "01.Convert from base-10 to base-N", "01.Convert from base-10 to base-N\01.Convert from base-10 to base-N.csproj", "{65CEFB94-6B97-499C-A7DD-9A9719B28337}"
EndProject
Project("{FAE04EC0-301F-11D3-BF4B-00C04F79EFBC}") = "01.Convert from base-10 to base-N - second", "01.Convert from base-10 to base-N - second\01.Convert from base-10 to base-N - second.csproj", "{E9BD6284-1343-445B-97DF-26D2850132C4}"
EndProject
Project("{FAE04EC0-301F-11D3-BF4B-00C04F79EFBC}") = "02.Convert from Base-N to Base-10", "02.Convert from Base-N to Base-10\02.Convert from Base-N to Base-10.csproj", "{FF9DB010-0E9E-43B1-9BFE-22EEAFACD434}"
EndProject
Project("{FAE04EC0-301F-11D3-BF4B-00C04F79EFBC}") = "05.Magic exchangeable words", "05.Magic exchangeable words\05.Magic exchangeable words.csproj", "{0A7989C9-DD5F-4D84-B17C-F09CD7C15C72}"
EndProject
Global
	GlobalSection(SolutionConfigurationPlatforms) = preSolution
		Debug|Any CPU = Debug|Any CPU
		Release|Any CPU = Release|Any CPU
	EndGlobalSection
	GlobalSection(ProjectConfigurationPlatforms) = postSolution
		{F42FC405-A553-4110-A2BB-8EA322461671}.Debug|Any CPU.ActiveCfg = Debug|Any CPU
		{F42FC405-A553-4110-A2BB-8EA322461671}.Debug|Any CPU.Build.0 = Debug|Any CPU
		{F42FC405-A553-4110-A2BB-8EA322461671}.Release|Any CPU.ActiveCfg = Release|Any CPU
		{F42FC405-A553-4110-A2BB-8EA322461671}.Release|Any CPU.Build.0 = Release|Any CPU
		{60403DD9-1510-4BB9-8E9D-3F5CC6FA000F}.Debug|Any CPU.ActiveCfg = Debug|Any CPU
		{60403DD9-1510-4BB9-8E9D-3F5CC6FA000F}.Debug|Any CPU.Build.0 = Debug|Any CPU
		{60403DD9-1510-4BB9-8E9D-3F5CC6FA000F}.Release|Any CPU.ActiveCfg = Release|Any CPU
		{60403DD9-1510-4BB9-8E9D-3F5CC6FA000F}.Release|Any CPU.Build.0 = Release|Any CPU
		{6A9DC1DB-910E-4B18-B700-DD8918953A4F}.Debug|Any CPU.ActiveCfg = Debug|Any CPU
		{6A9DC1DB-910E-4B18-B700-DD8918953A4F}.Debug|Any CPU.Build.0 = Debug|Any CPU
		{6A9DC1DB-910E-4B18-B700-DD8918953A4F}.Release|Any CPU.ActiveCfg = Release|Any CPU
		{6A9DC1DB-910E-4B18-B700-DD8918953A4F}.Release|Any CPU.Build.0 = Release|Any CPU
		{8594A6C3-1DB1-43BC-958E-F2E2D487953D}.Debug|Any CPU.ActiveCfg = Debug|Any CPU
		{8594A6C3-1DB1-43BC-958E-F2E2D487953D}.Debug|Any CPU.Build.0 = Debug|Any CPU
		{8594A6C3-1DB1-43BC-958E-F2E2D487953D}.Release|Any CPU.ActiveCfg = Release|Any CPU
		{8594A6C3-1DB1-43BC-958E-F2E2D487953D}.Release|Any CPU.Build.0 = Release|Any CPU
		{4839D567-3CA6-42E5-8562-EE4575A0DD96}.Debug|Any CPU.ActiveCfg = Debug|Any CPU
		{4839D567-3CA6-42E5-8562-EE4575A0DD96}.Debug|Any CPU.Build.0 = Debug|Any CPU
		{4839D567-3CA6-42E5-8562-EE4575A0DD96}.Release|Any CPU.ActiveCfg = Release|Any CPU
		{4839D567-3CA6-42E5-8562-EE4575A0DD96}.Release|Any CPU.Build.0 = Release|Any CPU
		{0AEEC0A2-E0ED-4EEE-926A-697CFF360328}.Debug|Any CPU.ActiveCfg = Debug|Any CPU
		{0AEEC0A2-E0ED-4EEE-926A-697CFF360328}.Debug|Any CPU.Build.0 = Debug|Any CPU
		{0AEEC0A2-E0ED-4EEE-926A-697CFF360328}.Release|Any CPU.ActiveCfg = Release|Any CPU
		{0AEEC0A2-E0ED-4EEE-926A-697CFF360328}.Release|Any CPU.Build.0 = Release|Any CPU
		{2EC9915C-BDBF-48DC-9F36-A3B2D8FA7A43}.Debug|Any CPU.ActiveCfg = Debug|Any CPU
		{2EC9915C-BDBF-48DC-9F36-A3B2D8FA7A43}.Debug|Any CPU.Build.0 = Debug|Any CPU
		{2EC9915C-BDBF-48DC-9F36-A3B2D8FA7A43}.Release|Any CPU.ActiveCfg = Release|Any CPU
		{2EC9915C-BDBF-48DC-9F36-A3B2D8FA7A43}.Release|Any CPU.Build.0 = Release|Any CPU
		{65CEFB94-6B97-499C-A7DD-9A9719B28337}.Debug|Any CPU.ActiveCfg = Debug|Any CPU
		{65CEFB94-6B97-499C-A7DD-9A9719B28337}.Debug|Any CPU.Build.0 = Debug|Any CPU
		{65CEFB94-6B97-499C-A7DD-9A9719B28337}.Release|Any CPU.ActiveCfg = Release|Any CPU
		{65CEFB94-6B97-499C-A7DD-9A9719B28337}.Release|Any CPU.Build.0 = Release|Any CPU
		{E9BD6284-1343-445B-97DF-26D2850132C4}.Debug|Any CPU.ActiveCfg = Debug|Any CPU
		{E9BD6284-1343-445B-97DF-26D2850132C4}.Debug|Any CPU.Build.0 = Debug|Any CPU
		{E9BD6284-1343-445B-97DF-26D2850132C4}.Release|Any CPU.ActiveCfg = Release|Any CPU
		{E9BD6284-1343-445B-97DF-26D2850132C4}.Release|Any CPU.Build.0 = Release|Any CPU
		{FF9DB010-0E9E-43B1-9BFE-22EEAFACD434}.Debug|Any CPU.ActiveCfg = Debug|Any CPU
		{FF9DB010-0E9E-43B1-9BFE-22EEAFACD434}.Debug|Any CPU.Build.0 = Debug|Any CPU
		{FF9DB010-0E9E-43B1-9BFE-22EEAFACD434}.Release|Any CPU.ActiveCfg = Release|Any CPU
		{FF9DB010-0E9E-43B1-9BFE-22EEAFACD434}.Release|Any CPU.Build.0 = Release|Any CPU
		{0A7989C9-DD5F-4D84-B17C-F09CD7C15C72}.Debug|Any CPU.ActiveCfg = Debug|Any CPU
		{0A7989C9-DD5F-4D84-B17C-F09CD7C15C72}.Debug|Any CPU.Build.0 = Debug|Any CPU
		{0A7989C9-DD5F-4D84-B17C-F09CD7C15C72}.Release|Any CPU.ActiveCfg = Release|Any CPU
		{0A7989C9-DD5F-4D84-B17C-F09CD7C15C72}.Release|Any CPU.Build.0 = Release|Any CPU
	EndGlobalSection
	GlobalSection(SolutionProperties) = preSolution
		HideSolutionNode = FALSE
	EndGlobalSection
	GlobalSection(ExtensibilityGlobals) = postSolution
		SolutionGuid = {A274ABE2-84A3-4E1B-917F-5CC6B3B6808C}
	EndGlobalSection
EndGlobal
