
Microsoft Visual Studio Solution File, Format Version 12.00
# Visual Studio 15
VisualStudioVersion = 15.0.26730.15
MinimumVisualStudioVersion = 10.0.40219.1
Project("{FAE04EC0-301F-11D3-BF4B-00C04F79EFBC}") = "4digitscreditcard", "19semptember\4digitscreditcard.csproj", "{31EB575C-26BE-4975-995F-7EDF85375950}"
EndProject
Project("{FAE04EC0-301F-11D3-BF4B-00C04F79EFBC}") = "Rectangle Area", "Rectangle Area\Rectangle Area.csproj", "{EA5EFF9E-0810-45F0-8B21-D06B11D71BAA}"
EndProject
Project("{FAE04EC0-301F-11D3-BF4B-00C04F79EFBC}") = "milesToKm", "milesToKm\milesToKm.csproj", "{163AB70E-C218-49F3-B683-AC58CF12C910}"
EndProject
Project("{FAE04EC0-301F-11D3-BF4B-00C04F79EFBC}") = "Beverage Labels123", "Beverage Labels123\Beverage Labels123.csproj", "{CDD6FBCA-8866-4FF0-BA1D-1C1F69BCFDA6}"
EndProject
Project("{FAE04EC0-301F-11D3-BF4B-00C04F79EFBC}") = "Character Stats", "Character Stats\Character Stats.csproj", "{A95D6BCE-9E8C-4F40-A878-E190EAE449D2}"
EndProject
Global
	GlobalSection(SolutionConfigurationPlatforms) = preSolution
		Debug|Any CPU = Debug|Any CPU
		Release|Any CPU = Release|Any CPU
	EndGlobalSection
	GlobalSection(ProjectConfigurationPlatforms) = postSolution
		{31EB575C-26BE-4975-995F-7EDF85375950}.Debug|Any CPU.ActiveCfg = Debug|Any CPU
		{31EB575C-26BE-4975-995F-7EDF85375950}.Debug|Any CPU.Build.0 = Debug|Any CPU
		{31EB575C-26BE-4975-995F-7EDF85375950}.Release|Any CPU.ActiveCfg = Release|Any CPU
		{31EB575C-26BE-4975-995F-7EDF85375950}.Release|Any CPU.Build.0 = Release|Any CPU
		{EA5EFF9E-0810-45F0-8B21-D06B11D71BAA}.Debug|Any CPU.ActiveCfg = Debug|Any CPU
		{EA5EFF9E-0810-45F0-8B21-D06B11D71BAA}.Debug|Any CPU.Build.0 = Debug|Any CPU
		{EA5EFF9E-0810-45F0-8B21-D06B11D71BAA}.Release|Any CPU.ActiveCfg = Release|Any CPU
		{EA5EFF9E-0810-45F0-8B21-D06B11D71BAA}.Release|Any CPU.Build.0 = Release|Any CPU
		{163AB70E-C218-49F3-B683-AC58CF12C910}.Debug|Any CPU.ActiveCfg = Debug|Any CPU
		{163AB70E-C218-49F3-B683-AC58CF12C910}.Debug|Any CPU.Build.0 = Debug|Any CPU
		{163AB70E-C218-49F3-B683-AC58CF12C910}.Release|Any CPU.ActiveCfg = Release|Any CPU
		{163AB70E-C218-49F3-B683-AC58CF12C910}.Release|Any CPU.Build.0 = Release|Any CPU
		{CDD6FBCA-8866-4FF0-BA1D-1C1F69BCFDA6}.Debug|Any CPU.ActiveCfg = Debug|Any CPU
		{CDD6FBCA-8866-4FF0-BA1D-1C1F69BCFDA6}.Debug|Any CPU.Build.0 = Debug|Any CPU
		{CDD6FBCA-8866-4FF0-BA1D-1C1F69BCFDA6}.Release|Any CPU.ActiveCfg = Release|Any CPU
		{CDD6FBCA-8866-4FF0-BA1D-1C1F69BCFDA6}.Release|Any CPU.Build.0 = Release|Any CPU
		{A95D6BCE-9E8C-4F40-A878-E190EAE449D2}.Debug|Any CPU.ActiveCfg = Debug|Any CPU
		{A95D6BCE-9E8C-4F40-A878-E190EAE449D2}.Debug|Any CPU.Build.0 = Debug|Any CPU
		{A95D6BCE-9E8C-4F40-A878-E190EAE449D2}.Release|Any CPU.ActiveCfg = Release|Any CPU
		{A95D6BCE-9E8C-4F40-A878-E190EAE449D2}.Release|Any CPU.Build.0 = Release|Any CPU
	EndGlobalSection
	GlobalSection(SolutionProperties) = preSolution
		HideSolutionNode = FALSE
	EndGlobalSection
	GlobalSection(ExtensibilityGlobals) = postSolution
		SolutionGuid = {1F633A40-5540-424D-A5DF-FA882DE14B4F}
	EndGlobalSection
EndGlobal
